
Microsoft Visual Studio Solution File, Format Version 11.00
# Visual Studio 2010
Project("{FAE04EC0-301F-11D3-BF4B-00C04F79EFBC}") = "UnityQuadSim", "Assembly-CSharp.csproj", "{969405A9-FA3D-292F-8A92-0030598F79CE}"
EndProject
Global
	GlobalSection(SolutionConfigurationPlatforms) = preSolution
		Debug|Any CPU = Debug|Any CPU
		Release|Any CPU = Release|Any CPU
	EndGlobalSection
	GlobalSection(ProjectConfigurationPlatforms) = postSolution
		{969405A9-FA3D-292F-8A92-0030598F79CE}.Debug|Any CPU.ActiveCfg = Debug|Any CPU
		{969405A9-FA3D-292F-8A92-0030598F79CE}.Debug|Any CPU.Build.0 = Debug|Any CPU
		{969405A9-FA3D-292F-8A92-0030598F79CE}.Release|Any CPU.ActiveCfg = Release|Any CPU
		{969405A9-FA3D-292F-8A92-0030598F79CE}.Release|Any CPU.Build.0 = Release|Any CPU
	EndGlobalSection
	GlobalSection(SolutionProperties) = preSolution
		HideSolutionNode = FALSE
	EndGlobalSection
	GlobalSection(MonoDevelopProperties) = preSolution
		StartupItem = Assembly-CSharp.csproj
	EndGlobalSection
EndGlobal
